
Microsoft Visual Studio Solution File, Format Version 12.00
# Visual Studio Version 16
VisualStudioVersion = 16.0.29609.76
MinimumVisualStudioVersion = 10.0.40219.1
Project("{9A19103F-16F7-4668-BE54-9A1E7A4F7556}") = "ExpenseTracker.Server", "ExpenseTracker.Server\ExpenseTracker.Server.csproj", "{58BDE18D-5B05-4B67-A273-5943AEF9D20B}"
EndProject
Project("{9A19103F-16F7-4668-BE54-9A1E7A4F7556}") = "ExpenseTracker.Data", "ExpenseTracker.Data\ExpenseTracker.Data.csproj", "{0D2A25EC-718B-4E00-8BCB-EE1833ADE103}"
EndProject
Global
	GlobalSection(SolutionConfigurationPlatforms) = preSolution
		Debug|Any CPU = Debug|Any CPU
		Release|Any CPU = Release|Any CPU
	EndGlobalSection
	GlobalSection(ProjectConfigurationPlatforms) = postSolution
		{58BDE18D-5B05-4B67-A273-5943AEF9D20B}.Debug|Any CPU.ActiveCfg = Debug|Any CPU
		{58BDE18D-5B05-4B67-A273-5943AEF9D20B}.Debug|Any CPU.Build.0 = Debug|Any CPU
		{58BDE18D-5B05-4B67-A273-5943AEF9D20B}.Release|Any CPU.ActiveCfg = Release|Any CPU
		{58BDE18D-5B05-4B67-A273-5943AEF9D20B}.Release|Any CPU.Build.0 = Release|Any CPU
		{0D2A25EC-718B-4E00-8BCB-EE1833ADE103}.Debug|Any CPU.ActiveCfg = Debug|Any CPU
		{0D2A25EC-718B-4E00-8BCB-EE1833ADE103}.Debug|Any CPU.Build.0 = Debug|Any CPU
		{0D2A25EC-718B-4E00-8BCB-EE1833ADE103}.Release|Any CPU.ActiveCfg = Release|Any CPU
		{0D2A25EC-718B-4E00-8BCB-EE1833ADE103}.Release|Any CPU.Build.0 = Release|Any CPU
	EndGlobalSection
	GlobalSection(SolutionProperties) = preSolution
		HideSolutionNode = FALSE
	EndGlobalSection
	GlobalSection(ExtensibilityGlobals) = postSolution
		SolutionGuid = {BC2F3AC9-ABD7-4EDA-98B3-700C2A528D03}
	EndGlobalSection
EndGlobal
